
Microsoft Visual Studio Solution File, Format Version 12.00
# Visual Studio Version 17
VisualStudioVersion = 17.12.35527.113 d17.12
MinimumVisualStudioVersion = 10.0.40219.1
Project("{FAE04EC0-301F-11D3-BF4B-00C04F79EFBC}") = "TaskUI", "StaticKimlikKarti\TaskUI.csproj", "{6898D2F7-7953-491D-80EB-2AD8E6D7FE51}"
EndProject
Project("{FAE04EC0-301F-11D3-BF4B-00C04F79EFBC}") = "TaskApi", "buseferokey\TaskApi.csproj", "{0679E2DE-9436-4AB6-865B-C041957A1B6A}"
EndProject
Global
	GlobalSection(SolutionConfigurationPlatforms) = preSolution
		Debug|Any CPU = Debug|Any CPU
		Release|Any CPU = Release|Any CPU
	EndGlobalSection
	GlobalSection(ProjectConfigurationPlatforms) = postSolution
		{6898D2F7-7953-491D-80EB-2AD8E6D7FE51}.Debug|Any CPU.ActiveCfg = Debug|Any CPU
		{6898D2F7-7953-491D-80EB-2AD8E6D7FE51}.Debug|Any CPU.Build.0 = Debug|Any CPU
		{6898D2F7-7953-491D-80EB-2AD8E6D7FE51}.Release|Any CPU.ActiveCfg = Release|Any CPU
		{6898D2F7-7953-491D-80EB-2AD8E6D7FE51}.Release|Any CPU.Build.0 = Release|Any CPU
		{0679E2DE-9436-4AB6-865B-C041957A1B6A}.Debug|Any CPU.ActiveCfg = Debug|Any CPU
		{0679E2DE-9436-4AB6-865B-C041957A1B6A}.Debug|Any CPU.Build.0 = Debug|Any CPU
		{0679E2DE-9436-4AB6-865B-C041957A1B6A}.Release|Any CPU.ActiveCfg = Release|Any CPU
		{0679E2DE-9436-4AB6-865B-C041957A1B6A}.Release|Any CPU.Build.0 = Release|Any CPU
	EndGlobalSection
	GlobalSection(SolutionProperties) = preSolution
		HideSolutionNode = FALSE
	EndGlobalSection
EndGlobal
